
Microsoft Visual Studio Solution File, Format Version 12.00
Project("{FAE04EC0-301F-11D3-BF4B-00C04F79EFBC}") = "CachingDemo", "CachingDemo\CachingDemo.csproj", "{89673D8C-80F5-46C6-9603-AD13DCF44624}"
EndProject
Project("{FAE04EC0-301F-11D3-BF4B-00C04F79EFBC}") = "CachingDemo.Storage", "CachingDemo.Storage\CachingDemo.Storage.csproj", "{362104BE-AD9E-44F5-BB57-680756CCE0A9}"
EndProject
Global
	GlobalSection(SolutionConfigurationPlatforms) = preSolution
		Debug|Any CPU = Debug|Any CPU
		Release|Any CPU = Release|Any CPU
	EndGlobalSection
	GlobalSection(ProjectConfigurationPlatforms) = postSolution
		{89673D8C-80F5-46C6-9603-AD13DCF44624}.Debug|Any CPU.ActiveCfg = Debug|Any CPU
		{89673D8C-80F5-46C6-9603-AD13DCF44624}.Debug|Any CPU.Build.0 = Debug|Any CPU
		{89673D8C-80F5-46C6-9603-AD13DCF44624}.Release|Any CPU.ActiveCfg = Release|Any CPU
		{89673D8C-80F5-46C6-9603-AD13DCF44624}.Release|Any CPU.Build.0 = Release|Any CPU
		{362104BE-AD9E-44F5-BB57-680756CCE0A9}.Debug|Any CPU.ActiveCfg = Debug|Any CPU
		{362104BE-AD9E-44F5-BB57-680756CCE0A9}.Debug|Any CPU.Build.0 = Debug|Any CPU
		{362104BE-AD9E-44F5-BB57-680756CCE0A9}.Release|Any CPU.ActiveCfg = Release|Any CPU
		{362104BE-AD9E-44F5-BB57-680756CCE0A9}.Release|Any CPU.Build.0 = Release|Any CPU
	EndGlobalSection
EndGlobal
